// !$*UTF8*$!
{
	archiveVersion = 1;
	classes = {
	};
	objectVersion = 46;
	objects = {

/* Begin PBXBuildFile section */
		29A1A7CAC82D5B9AADB13878 /* libPods-EnglishTraining.a in Frameworks */ = {isa = PBXBuildFile; fileRef = 5BE219825A5444F957C005F0 /* libPods-EnglishTraining.a */; };
		336DA74B1CC400D4002ED8AB /* main.m in Sources */ = {isa = PBXBuildFile; fileRef = 336DA74A1CC400D4002ED8AB /* main.m */; };
		336DA74E1CC400D4002ED8AB /* AppDelegate.m in Sources */ = {isa = PBXBuildFile; fileRef = 336DA74D1CC400D4002ED8AB /* AppDelegate.m */; };
		336DA7511CC400D4002ED8AB /* StartViewController.m in Sources */ = {isa = PBXBuildFile; fileRef = 336DA7501CC400D4002ED8AB /* StartViewController.m */; };
		336DA7541CC400D4002ED8AB /* Main.storyboard in Resources */ = {isa = PBXBuildFile; fileRef = 336DA7521CC400D4002ED8AB /* Main.storyboard */; };
		336DA7561CC400D4002ED8AB /* Assets.xcassets in Resources */ = {isa = PBXBuildFile; fileRef = 336DA7551CC400D4002ED8AB /* Assets.xcassets */; };
		336DA7591CC400D4002ED8AB /* LaunchScreen.storyboard in Resources */ = {isa = PBXBuildFile; fileRef = 336DA7571CC400D4002ED8AB /* LaunchScreen.storyboard */; };
		336DA7641CC4013F002ED8AB /* Session.m in Sources */ = {isa = PBXBuildFile; fileRef = 336DA7631CC4013F002ED8AB /* Session.m */; };
		339AAF021CC6963100413755 /* ETAnswerButton.m in Sources */ = {isa = PBXBuildFile; fileRef = 339AAF011CC6963100413755 /* ETAnswerButton.m */; };
		33A474751CCC1BD80097590F /* ETProgresImageView.m in Sources */ = {isa = PBXBuildFile; fileRef = 33A474741CCC1BD80097590F /* ETProgresImageView.m */; };
		33A474771CCC379E0097590F /* Localizable.strings in Resources */ = {isa = PBXBuildFile; fileRef = 33A474761CCC379E0097590F /* Localizable.strings */; };
		33B9A1521CC7E4FD004ECB51 /* progress_back.png in Resources */ = {isa = PBXBuildFile; fileRef = 33B9A14C1CC7E4FD004ECB51 /* progress_back.png */; };
		33B9A1531CC7E4FD004ECB51 /* progress_back@2x.png in Resources */ = {isa = PBXBuildFile; fileRef = 33B9A14D1CC7E4FD004ECB51 /* progress_back@2x.png */; };
		33B9A1541CC7E4FD004ECB51 /* progress_back@3x.png in Resources */ = {isa = PBXBuildFile; fileRef = 33B9A14E1CC7E4FD004ECB51 /* progress_back@3x.png */; };
		33B9A1551CC7E4FD004ECB51 /* progress.png in Resources */ = {isa = PBXBuildFile; fileRef = 33B9A14F1CC7E4FD004ECB51 /* progress.png */; };
		33B9A1561CC7E4FD004ECB51 /* progress@2x.png in Resources */ = {isa = PBXBuildFile; fileRef = 33B9A1501CC7E4FD004ECB51 /* progress@2x.png */; };
		33B9A1571CC7E4FD004ECB51 /* progress@3x.png in Resources */ = {isa = PBXBuildFile; fileRef = 33B9A1511CC7E4FD004ECB51 /* progress@3x.png */; };
		33ECC0EB1CC915CC00CFCF1B /* orange_button.png in Resources */ = {isa = PBXBuildFile; fileRef = 33ECC0E81CC915CC00CFCF1B /* orange_button.png */; };
		33ECC0EC1CC915CC00CFCF1B /* orange_button@2x.png in Resources */ = {isa = PBXBuildFile; fileRef = 33ECC0E91CC915CC00CFCF1B /* orange_button@2x.png */; };
		33ECC0ED1CC915CC00CFCF1B /* orange_button@3x.png in Resources */ = {isa = PBXBuildFile; fileRef = 33ECC0EA1CC915CC00CFCF1B /* orange_button@3x.png */; };
		33ECC0F11CC91E6700CFCF1B /* answer_btn.png in Resources */ = {isa = PBXBuildFile; fileRef = 33ECC0EE1CC91E6700CFCF1B /* answer_btn.png */; };
		33ECC0F21CC91E6700CFCF1B /* answer_btn@2x.png in Resources */ = {isa = PBXBuildFile; fileRef = 33ECC0EF1CC91E6700CFCF1B /* answer_btn@2x.png */; };
		33ECC0F31CC91E6700CFCF1B /* answer_btn@3x.png in Resources */ = {isa = PBXBuildFile; fileRef = 33ECC0F01CC91E6700CFCF1B /* answer_btn@3x.png */; };
		33ECC0F71CC92E0400CFCF1B /* answer_btn_right.png in Resources */ = {isa = PBXBuildFile; fileRef = 33ECC0F41CC92E0400CFCF1B /* answer_btn_right.png */; };
		33ECC0F81CC92E0400CFCF1B /* answer_btn_right@2x.png in Resources */ = {isa = PBXBuildFile; fileRef = 33ECC0F51CC92E0400CFCF1B /* answer_btn_right@2x.png */; };
		33ECC0F91CC92E0400CFCF1B /* answer_btn_right@3x.png in Resources */ = {isa = PBXBuildFile; fileRef = 33ECC0F61CC92E0400CFCF1B /* answer_btn_right@3x.png */; };
		33ECC0FD1CC92E3200CFCF1B /* answer_btn_wrong.png in Resources */ = {isa = PBXBuildFile; fileRef = 33ECC0FA1CC92E3200CFCF1B /* answer_btn_wrong.png */; };
		33ECC0FE1CC92E3200CFCF1B /* answer_btn_wrong@2x.png in Resources */ = {isa = PBXBuildFile; fileRef = 33ECC0FB1CC92E3200CFCF1B /* answer_btn_wrong@2x.png */; };
		33ECC0FF1CC92E3200CFCF1B /* answer_btn_wrong@3x.png in Resources */ = {isa = PBXBuildFile; fileRef = 33ECC0FC1CC92E3200CFCF1B /* answer_btn_wrong@3x.png */; };
		33ECC1031CC93A7000CFCF1B /* next_btn.png in Resources */ = {isa = PBXBuildFile; fileRef = 33ECC1001CC93A7000CFCF1B /* next_btn.png */; };
		33ECC1041CC93A7000CFCF1B /* next_btn@2x.png in Resources */ = {isa = PBXBuildFile; fileRef = 33ECC1011CC93A7000CFCF1B /* next_btn@2x.png */; };
		33ECC1051CC93A7000CFCF1B /* next_btn@3x.png in Resources */ = {isa = PBXBuildFile; fileRef = 33ECC1021CC93A7000CFCF1B /* next_btn@3x.png */; };
		33EE37601CC546A700DAADBC /* Utils.m in Sources */ = {isa = PBXBuildFile; fileRef = 33EE375F1CC546A700DAADBC /* Utils.m */; };
		33EE37631CC547E900DAADBC /* Word.m in Sources */ = {isa = PBXBuildFile; fileRef = 33EE37621CC547E900DAADBC /* Word.m */; };
		33F0577F1CC415340031AE0B /* TrainingManager.m in Sources */ = {isa = PBXBuildFile; fileRef = 33F0577E1CC415340031AE0B /* TrainingManager.m */; };
		33F057821CC415830031AE0B /* Training.m in Sources */ = {isa = PBXBuildFile; fileRef = 33F057811CC415830031AE0B /* Training.m */; };
		33F057851CC415960031AE0B /* Question.m in Sources */ = {isa = PBXBuildFile; fileRef = 33F057841CC415960031AE0B /* Question.m */; };
		33F057881CC416B00031AE0B /* TrainingController.m in Sources */ = {isa = PBXBuildFile; fileRef = 33F057871CC416B00031AE0B /* TrainingController.m */; };
		33F0578C1CC416E70031AE0B /* QuestionBehaviourViewController.m in Sources */ = {isa = PBXBuildFile; fileRef = 33F0578B1CC416E70031AE0B /* QuestionBehaviourViewController.m */; };
		33F0578F1CC416FD0031AE0B /* AnswerBehaviourViewController.m in Sources */ = {isa = PBXBuildFile; fileRef = 33F0578E1CC416FD0031AE0B /* AnswerBehaviourViewController.m */; };
		33F057921CC41F960031AE0B /* FinishViewController.m in Sources */ = {isa = PBXBuildFile; fileRef = 33F057911CC41F960031AE0B /* FinishViewController.m */; };
		33F057951CC41FD20031AE0B /* SceneBehaviourViewController.m in Sources */ = {isa = PBXBuildFile; fileRef = 33F057941CC41FD20031AE0B /* SceneBehaviourViewController.m */; };
/* End PBXBuildFile section */

/* Begin PBXFileReference section */
		1CED34D40D3A0D55E049298F /* Pods-EnglishTraining.release.xcconfig */ = {isa = PBXFileReference; includeInIndex = 1; lastKnownFileType = text.xcconfig; name = "Pods-EnglishTraining.release.xcconfig"; path = "Pods/Target Support Files/Pods-EnglishTraining/Pods-EnglishTraining.release.xcconfig"; sourceTree = "<group>"; };
		336DA7461CC400D4002ED8AB /* EnglishTraining.app */ = {isa = PBXFileReference; explicitFileType = wrapper.application; includeInIndex = 0; path = EnglishTraining.app; sourceTree = BUILT_PRODUCTS_DIR; };
		336DA74A1CC400D4002ED8AB /* main.m */ = {isa = PBXFileReference; lastKnownFileType = sourcecode.c.objc; path = main.m; sourceTree = "<group>"; };
		336DA74C1CC400D4002ED8AB /* AppDelegate.h */ = {isa = PBXFileReference; lastKnownFileType = sourcecode.c.h; path = AppDelegate.h; sourceTree = "<group>"; };
		336DA74D1CC400D4002ED8AB /* AppDelegate.m */ = {isa = PBXFileReference; lastKnownFileType = sourcecode.c.objc; path = AppDelegate.m; sourceTree = "<group>"; };
		336DA74F1CC400D4002ED8AB /* StartViewController.h */ = {isa = PBXFileReference; lastKnownFileType = sourcecode.c.h; path = StartViewController.h; sourceTree = "<group>"; };
		336DA7501CC400D4002ED8AB /* StartViewController.m */ = {isa = PBXFileReference; lastKnownFileType = sourcecode.c.objc; path = StartViewController.m; sourceTree = "<group>"; };
		336DA7531CC400D4002ED8AB /* Base */ = {isa = PBXFileReference; lastKnownFileType = file.storyboard; name = Base; path = Base.lproj/Main.storyboard; sourceTree = "<group>"; };
		336DA7551CC400D4002ED8AB /* Assets.xcassets */ = {isa = PBXFileReference; lastKnownFileType = folder.assetcatalog; path = Assets.xcassets; sourceTree = "<group>"; };
		336DA7581CC400D4002ED8AB /* Base */ = {isa = PBXFileReference; lastKnownFileType = file.storyboard; name = Base; path = Base.lproj/LaunchScreen.storyboard; sourceTree = "<group>"; };
		336DA75A1CC400D4002ED8AB /* Info.plist */ = {isa = PBXFileReference; lastKnownFileType = text.plist.xml; path = Info.plist; sourceTree = "<group>"; };
		336DA7621CC4013F002ED8AB /* Session.h */ = {isa = PBXFileReference; fileEncoding = 4; lastKnownFileType = sourcecode.c.h; path = Session.h; sourceTree = "<group>"; };
		336DA7631CC4013F002ED8AB /* Session.m */ = {isa = PBXFileReference; fileEncoding = 4; lastKnownFileType = sourcecode.c.objc; path = Session.m; sourceTree = "<group>"; };
		339AAF001CC6963100413755 /* ETAnswerButton.h */ = {isa = PBXFileReference; fileEncoding = 4; lastKnownFileType = sourcecode.c.h; path = ETAnswerButton.h; sourceTree = "<group>"; };
		339AAF011CC6963100413755 /* ETAnswerButton.m */ = {isa = PBXFileReference; fileEncoding = 4; lastKnownFileType = sourcecode.c.objc; path = ETAnswerButton.m; sourceTree = "<group>"; };
		33A474731CCC1BD70097590F /* ETProgresImageView.h */ = {isa = PBXFileReference; fileEncoding = 4; lastKnownFileType = sourcecode.c.h; path = ETProgresImageView.h; sourceTree = "<group>"; };
		33A474741CCC1BD80097590F /* ETProgresImageView.m */ = {isa = PBXFileReference; fileEncoding = 4; lastKnownFileType = sourcecode.c.objc; path = ETProgresImageView.m; sourceTree = "<group>"; };
		33A474761CCC379E0097590F /* Localizable.strings */ = {isa = PBXFileReference; fileEncoding = 4; lastKnownFileType = text.plist.strings; path = Localizable.strings; sourceTree = "<group>"; };
		33B9A14C1CC7E4FD004ECB51 /* progress_back.png */ = {isa = PBXFileReference; lastKnownFileType = image.png; path = progress_back.png; sourceTree = "<group>"; };
		33B9A14D1CC7E4FD004ECB51 /* progress_back@2x.png */ = {isa = PBXFileReference; lastKnownFileType = image.png; path = "progress_back@2x.png"; sourceTree = "<group>"; };
		33B9A14E1CC7E4FD004ECB51 /* progress_back@3x.png */ = {isa = PBXFileReference; lastKnownFileType = image.png; path = "progress_back@3x.png"; sourceTree = "<group>"; };
		33B9A14F1CC7E4FD004ECB51 /* progress.png */ = {isa = PBXFileReference; lastKnownFileType = image.png; path = progress.png; sourceTree = "<group>"; };
		33B9A1501CC7E4FD004ECB51 /* progress@2x.png */ = {isa = PBXFileReference; lastKnownFileType = image.png; path = "progress@2x.png"; sourceTree = "<group>"; };
		33B9A1511CC7E4FD004ECB51 /* progress@3x.png */ = {isa = PBXFileReference; lastKnownFileType = image.png; path = "progress@3x.png"; sourceTree = "<group>"; };
		33ECC0E81CC915CC00CFCF1B /* orange_button.png */ = {isa = PBXFileReference; lastKnownFileType = image.png; path = orange_button.png; sourceTree = "<group>"; };
		33ECC0E91CC915CC00CFCF1B /* orange_button@2x.png */ = {isa = PBXFileReference; lastKnownFileType = image.png; path = "orange_button@2x.png"; sourceTree = "<group>"; };
		33ECC0EA1CC915CC00CFCF1B /* orange_button@3x.png */ = {isa = PBXFileReference; lastKnownFileType = image.png; path = "orange_button@3x.png"; sourceTree = "<group>"; };
		33ECC0EE1CC91E6700CFCF1B /* answer_btn.png */ = {isa = PBXFileReference; lastKnownFileType = image.png; path = answer_btn.png; sourceTree = "<group>"; };
		33ECC0EF1CC91E6700CFCF1B /* answer_btn@2x.png */ = {isa = PBXFileReference; lastKnownFileType = image.png; path = "answer_btn@2x.png"; sourceTree = "<group>"; };
		33ECC0F01CC91E6700CFCF1B /* answer_btn@3x.png */ = {isa = PBXFileReference; lastKnownFileType = image.png; path = "answer_btn@3x.png"; sourceTree = "<group>"; };
		33ECC0F41CC92E0400CFCF1B /* answer_btn_right.png */ = {isa = PBXFileReference; lastKnownFileType = image.png; path = answer_btn_right.png; sourceTree = "<group>"; };
		33ECC0F51CC92E0400CFCF1B /* answer_btn_right@2x.png */ = {isa = PBXFileReference; lastKnownFileType = image.png; path = "answer_btn_right@2x.png"; sourceTree = "<group>"; };
		33ECC0F61CC92E0400CFCF1B /* answer_btn_right@3x.png */ = {isa = PBXFileReference; lastKnownFileType = image.png; path = "answer_btn_right@3x.png"; sourceTree = "<group>"; };
		33ECC0FA1CC92E3200CFCF1B /* answer_btn_wrong.png */ = {isa = PBXFileReference; lastKnownFileType = image.png; path = answer_btn_wrong.png; sourceTree = "<group>"; };
		33ECC0FB1CC92E3200CFCF1B /* answer_btn_wrong@2x.png */ = {isa = PBXFileReference; lastKnownFileType = image.png; path = "answer_btn_wrong@2x.png"; sourceTree = "<group>"; };
		33ECC0FC1CC92E3200CFCF1B /* answer_btn_wrong@3x.png */ = {isa = PBXFileReference; lastKnownFileType = image.png; path = "answer_btn_wrong@3x.png"; sourceTree = "<group>"; };
		33ECC1001CC93A7000CFCF1B /* next_btn.png */ = {isa = PBXFileReference; lastKnownFileType = image.png; path = next_btn.png; sourceTree = "<group>"; };
		33ECC1011CC93A7000CFCF1B /* next_btn@2x.png */ = {isa = PBXFileReference; lastKnownFileType = image.png; path = "next_btn@2x.png"; sourceTree = "<group>"; };
		33ECC1021CC93A7000CFCF1B /* next_btn@3x.png */ = {isa = PBXFileReference; lastKnownFileType = image.png; path = "next_btn@3x.png"; sourceTree = "<group>"; };
		33EE375E1CC546A700DAADBC /* Utils.h */ = {isa = PBXFileReference; fileEncoding = 4; lastKnownFileType = sourcecode.c.h; path = Utils.h; sourceTree = "<group>"; };
		33EE375F1CC546A700DAADBC /* Utils.m */ = {isa = PBXFileReference; fileEncoding = 4; lastKnownFileType = sourcecode.c.objc; path = Utils.m; sourceTree = "<group>"; };
		33EE37611CC547E900DAADBC /* Word.h */ = {isa = PBXFileReference; fileEncoding = 4; lastKnownFileType = sourcecode.c.h; path = Word.h; sourceTree = "<group>"; };
		33EE37621CC547E900DAADBC /* Word.m */ = {isa = PBXFileReference; fileEncoding = 4; lastKnownFileType = sourcecode.c.objc; path = Word.m; sourceTree = "<group>"; };
		33F0577D1CC415340031AE0B /* TrainingManager.h */ = {isa = PBXFileReference; fileEncoding = 4; lastKnownFileType = sourcecode.c.h; path = TrainingManager.h; sourceTree = "<group>"; };
		33F0577E1CC415340031AE0B /* TrainingManager.m */ = {isa = PBXFileReference; fileEncoding = 4; lastKnownFileType = sourcecode.c.objc; path = TrainingManager.m; sourceTree = "<group>"; };
		33F057801CC415830031AE0B /* Training.h */ = {isa = PBXFileReference; fileEncoding = 4; lastKnownFileType = sourcecode.c.h; path = Training.h; sourceTree = "<group>"; };
		33F057811CC415830031AE0B /* Training.m */ = {isa = PBXFileReference; fileEncoding = 4; lastKnownFileType = sourcecode.c.objc; path = Training.m; sourceTree = "<group>"; };
		33F057831CC415960031AE0B /* Question.h */ = {isa = PBXFileReference; fileEncoding = 4; lastKnownFileType = sourcecode.c.h; path = Question.h; sourceTree = "<group>"; };
		33F057841CC415960031AE0B /* Question.m */ = {isa = PBXFileReference; fileEncoding = 4; lastKnownFileType = sourcecode.c.objc; path = Question.m; sourceTree = "<group>"; };
		33F057861CC416B00031AE0B /* TrainingController.h */ = {isa = PBXFileReference; fileEncoding = 4; lastKnownFileType = sourcecode.c.h; path = TrainingController.h; sourceTree = "<group>"; };
		33F057871CC416B00031AE0B /* TrainingController.m */ = {isa = PBXFileReference; fileEncoding = 4; lastKnownFileType = sourcecode.c.objc; path = TrainingController.m; sourceTree = "<group>"; };
		33F0578B1CC416E70031AE0B /* QuestionBehaviourViewController.m */ = {isa = PBXFileReference; fileEncoding = 4; lastKnownFileType = sourcecode.c.objc; path = QuestionBehaviourViewController.m; sourceTree = "<group>"; };
		33F0578D1CC416FD0031AE0B /* AnswerBehaviourViewController.h */ = {isa = PBXFileReference; fileEncoding = 4; lastKnownFileType = sourcecode.c.h; path = AnswerBehaviourViewController.h; sourceTree = "<group>"; };
		33F0578E1CC416FD0031AE0B /* AnswerBehaviourViewController.m */ = {isa = PBXFileReference; fileEncoding = 4; lastKnownFileType = sourcecode.c.objc; path = AnswerBehaviourViewController.m; sourceTree = "<group>"; };
		33F057901CC41F960031AE0B /* FinishViewController.h */ = {isa = PBXFileReference; fileEncoding = 4; lastKnownFileType = sourcecode.c.h; path = FinishViewController.h; sourceTree = "<group>"; };
		33F057911CC41F960031AE0B /* FinishViewController.m */ = {isa = PBXFileReference; fileEncoding = 4; lastKnownFileType = sourcecode.c.objc; path = FinishViewController.m; sourceTree = "<group>"; };
		33F057931CC41FD20031AE0B /* SceneBehaviourViewController.h */ = {isa = PBXFileReference; fileEncoding = 4; lastKnownFileType = sourcecode.c.h; path = SceneBehaviourViewController.h; sourceTree = "<group>"; };
		33F057941CC41FD20031AE0B /* SceneBehaviourViewController.m */ = {isa = PBXFileReference; fileEncoding = 4; lastKnownFileType = sourcecode.c.objc; path = SceneBehaviourViewController.m; sourceTree = "<group>"; };
		33F057961CC423FC0031AE0B /* QuestionBehaviourViewController.h */ = {isa = PBXFileReference; lastKnownFileType = sourcecode.c.h; path = QuestionBehaviourViewController.h; sourceTree = "<group>"; };
		5BE219825A5444F957C005F0 /* libPods-EnglishTraining.a */ = {isa = PBXFileReference; explicitFileType = archive.ar; includeInIndex = 0; path = "libPods-EnglishTraining.a"; sourceTree = BUILT_PRODUCTS_DIR; };
		6664BC1000FE341DE0CDFC78 /* Pods-EnglishTraining.debug.xcconfig */ = {isa = PBXFileReference; includeInIndex = 1; lastKnownFileType = text.xcconfig; name = "Pods-EnglishTraining.debug.xcconfig"; path = "Pods/Target Support Files/Pods-EnglishTraining/Pods-EnglishTraining.debug.xcconfig"; sourceTree = "<group>"; };
/* End PBXFileReference section */

/* Begin PBXFrameworksBuildPhase section */
		336DA7431CC400D4002ED8AB /* Frameworks */ = {
			isa = PBXFrameworksBuildPhase;
			buildActionMask = 2147483647;
			files = (
				29A1A7CAC82D5B9AADB13878 /* libPods-EnglishTraining.a in Frameworks */,
			);
			runOnlyForDeploymentPostprocessing = 0;
		};
/* End PBXFrameworksBuildPhase section */

/* Begin PBXGroup section */
		336DA73D1CC400D4002ED8AB = {
			isa = PBXGroup;
			children = (
				336DA7481CC400D4002ED8AB /* EnglishTraining */,
				336DA7471CC400D4002ED8AB /* Products */,
				8FAD63538F04130455E36D96 /* Pods */,
				3C0CB742D2E2AE5237107EE8 /* Frameworks */,
			);
			sourceTree = "<group>";
		};
		336DA7471CC400D4002ED8AB /* Products */ = {
			isa = PBXGroup;
			children = (
				336DA7461CC400D4002ED8AB /* EnglishTraining.app */,
			);
			name = Products;
			sourceTree = "<group>";
		};
		336DA7481CC400D4002ED8AB /* EnglishTraining */ = {
			isa = PBXGroup;
			children = (
				33B9A14A1CC7E4DC004ECB51 /* Resources */,
				33F057891CC416C10031AE0B /* Views */,
				336DA7611CC40107002ED8AB /* Controllers */,
				336DA7601CC400F9002ED8AB /* Model */,
				336DA74C1CC400D4002ED8AB /* AppDelegate.h */,
				336DA74D1CC400D4002ED8AB /* AppDelegate.m */,
				336DA7521CC400D4002ED8AB /* Main.storyboard */,
				336DA7551CC400D4002ED8AB /* Assets.xcassets */,
				336DA7571CC400D4002ED8AB /* LaunchScreen.storyboard */,
				336DA75A1CC400D4002ED8AB /* Info.plist */,
				336DA7491CC400D4002ED8AB /* Supporting Files */,
			);
			path = EnglishTraining;
			sourceTree = "<group>";
		};
		336DA7491CC400D4002ED8AB /* Supporting Files */ = {
			isa = PBXGroup;
			children = (
				336DA74A1CC400D4002ED8AB /* main.m */,
			);
			name = "Supporting Files";
			sourceTree = "<group>";
		};
		336DA7601CC400F9002ED8AB /* Model */ = {
			isa = PBXGroup;
			children = (
				336DA7621CC4013F002ED8AB /* Session.h */,
				336DA7631CC4013F002ED8AB /* Session.m */,
				33F0577D1CC415340031AE0B /* TrainingManager.h */,
				33F0577E1CC415340031AE0B /* TrainingManager.m */,
				33F057801CC415830031AE0B /* Training.h */,
				33F057811CC415830031AE0B /* Training.m */,
				33F057831CC415960031AE0B /* Question.h */,
				33F057841CC415960031AE0B /* Question.m */,
				33EE37611CC547E900DAADBC /* Word.h */,
				33EE37621CC547E900DAADBC /* Word.m */,
				33EE375E1CC546A700DAADBC /* Utils.h */,
				33EE375F1CC546A700DAADBC /* Utils.m */,
			);
			name = Model;
			sourceTree = "<group>";
		};
		336DA7611CC40107002ED8AB /* Controllers */ = {
			isa = PBXGroup;
			children = (
				33F057931CC41FD20031AE0B /* SceneBehaviourViewController.h */,
				33F057941CC41FD20031AE0B /* SceneBehaviourViewController.m */,
				33F057961CC423FC0031AE0B /* QuestionBehaviourViewController.h */,
				33F0578B1CC416E70031AE0B /* QuestionBehaviourViewController.m */,
				33F0578D1CC416FD0031AE0B /* AnswerBehaviourViewController.h */,
				33F0578E1CC416FD0031AE0B /* AnswerBehaviourViewController.m */,
				336DA74F1CC400D4002ED8AB /* StartViewController.h */,
				336DA7501CC400D4002ED8AB /* StartViewController.m */,
				33F057861CC416B00031AE0B /* TrainingController.h */,
				33F057871CC416B00031AE0B /* TrainingController.m */,
				33F057901CC41F960031AE0B /* FinishViewController.h */,
				33F057911CC41F960031AE0B /* FinishViewController.m */,
			);
			name = Controllers;
			sourceTree = "<group>";
		};
		33B9A14A1CC7E4DC004ECB51 /* Resources */ = {
			isa = PBXGroup;
			children = (
				33B9A14B1CC7E4EC004ECB51 /* Images */,
				33A474761CCC379E0097590F /* Localizable.strings */,
			);
			name = Resources;
			sourceTree = "<group>";
		};
		33B9A14B1CC7E4EC004ECB51 /* Images */ = {
			isa = PBXGroup;
			children = (
				33ECC1001CC93A7000CFCF1B /* next_btn.png */,
				33ECC1011CC93A7000CFCF1B /* next_btn@2x.png */,
				33ECC1021CC93A7000CFCF1B /* next_btn@3x.png */,
				33ECC0FA1CC92E3200CFCF1B /* answer_btn_wrong.png */,
				33ECC0FB1CC92E3200CFCF1B /* answer_btn_wrong@2x.png */,
				33ECC0FC1CC92E3200CFCF1B /* answer_btn_wrong@3x.png */,
				33ECC0F41CC92E0400CFCF1B /* answer_btn_right.png */,
				33ECC0F51CC92E0400CFCF1B /* answer_btn_right@2x.png */,
				33ECC0F61CC92E0400CFCF1B /* answer_btn_right@3x.png */,
				33ECC0EE1CC91E6700CFCF1B /* answer_btn.png */,
				33ECC0EF1CC91E6700CFCF1B /* answer_btn@2x.png */,
				33ECC0F01CC91E6700CFCF1B /* answer_btn@3x.png */,
				33ECC0E81CC915CC00CFCF1B /* orange_button.png */,
				33ECC0E91CC915CC00CFCF1B /* orange_button@2x.png */,
				33ECC0EA1CC915CC00CFCF1B /* orange_button@3x.png */,
				33B9A14C1CC7E4FD004ECB51 /* progress_back.png */,
				33B9A14D1CC7E4FD004ECB51 /* progress_back@2x.png */,
				33B9A14E1CC7E4FD004ECB51 /* progress_back@3x.png */,
				33B9A14F1CC7E4FD004ECB51 /* progress.png */,
				33B9A1501CC7E4FD004ECB51 /* progress@2x.png */,
				33B9A1511CC7E4FD004ECB51 /* progress@3x.png */,
			);
			name = Images;
			sourceTree = "<group>";
		};
		33F057891CC416C10031AE0B /* Views */ = {
			isa = PBXGroup;
			children = (
				339AAF001CC6963100413755 /* ETAnswerButton.h */,
				339AAF011CC6963100413755 /* ETAnswerButton.m */,
				33A474731CCC1BD70097590F /* ETProgresImageView.h */,
				33A474741CCC1BD80097590F /* ETProgresImageView.m */,
			);
			name = Views;
			sourceTree = "<group>";
		};
		3C0CB742D2E2AE5237107EE8 /* Frameworks */ = {
			isa = PBXGroup;
			children = (
				5BE219825A5444F957C005F0 /* libPods-EnglishTraining.a */,
			);
			name = Frameworks;
			sourceTree = "<group>";
		};
		8FAD63538F04130455E36D96 /* Pods */ = {
			isa = PBXGroup;
			children = (
				6664BC1000FE341DE0CDFC78 /* Pods-EnglishTraining.debug.xcconfig */,
				1CED34D40D3A0D55E049298F /* Pods-EnglishTraining.release.xcconfig */,
			);
			name = Pods;
			sourceTree = "<group>";
		};
/* End PBXGroup section */

/* Begin PBXNativeTarget section */
		336DA7451CC400D4002ED8AB /* EnglishTraining */ = {
			isa = PBXNativeTarget;
			buildConfigurationList = 336DA75D1CC400D4002ED8AB /* Build configuration list for PBXNativeTarget "EnglishTraining" */;
			buildPhases = (
				81C9BEC9F82719069A7873E4 /* Check Pods Manifest.lock */,
				336DA7421CC400D4002ED8AB /* Sources */,
				336DA7431CC400D4002ED8AB /* Frameworks */,
				336DA7441CC400D4002ED8AB /* Resources */,
				1D499C154A44D6B6A82E349F /* Embed Pods Frameworks */,
				3D41DBD9DAFBA9AB2B4CE847 /* Copy Pods Resources */,
			);
			buildRules = (
			);
			dependencies = (
			);
			name = EnglishTraining;
			productName = EnglishTraining;
			productReference = 336DA7461CC400D4002ED8AB /* EnglishTraining.app */;
			productType = "com.apple.product-type.application";
		};
/* End PBXNativeTarget section */

/* Begin PBXProject section */
		336DA73E1CC400D4002ED8AB /* Project object */ = {
			isa = PBXProject;
			attributes = {
				LastUpgradeCheck = 0720;
				ORGANIZATIONNAME = "Alexander Rogachev";
				TargetAttributes = {
					336DA7451CC400D4002ED8AB = {
						CreatedOnToolsVersion = 7.2.1;
						DevelopmentTeam = B6GSU378LR;
					};
				};
			};
			buildConfigurationList = 336DA7411CC400D4002ED8AB /* Build configuration list for PBXProject "EnglishTraining" */;
			compatibilityVersion = "Xcode 3.2";
			developmentRegion = English;
			hasScannedForEncodings = 0;
			knownRegions = (
				en,
				Base,
			);
			mainGroup = 336DA73D1CC400D4002ED8AB;
			productRefGroup = 336DA7471CC400D4002ED8AB /* Products */;
			projectDirPath = "";
			projectRoot = "";
			targets = (
				336DA7451CC400D4002ED8AB /* EnglishTraining */,
			);
		};
/* End PBXProject section */

/* Begin PBXResourcesBuildPhase section */
		336DA7441CC400D4002ED8AB /* Resources */ = {
			isa = PBXResourcesBuildPhase;
			buildActionMask = 2147483647;
			files = (
				33B9A1571CC7E4FD004ECB51 /* progress@3x.png in Resources */,
				336DA7591CC400D4002ED8AB /* LaunchScreen.storyboard in Resources */,
				33ECC0EC1CC915CC00CFCF1B /* orange_button@2x.png in Resources */,
				33ECC1031CC93A7000CFCF1B /* next_btn.png in Resources */,
				33ECC0F11CC91E6700CFCF1B /* answer_btn.png in Resources */,
				33B9A1561CC7E4FD004ECB51 /* progress@2x.png in Resources */,
				33ECC0EB1CC915CC00CFCF1B /* orange_button.png in Resources */,
				33B9A1521CC7E4FD004ECB51 /* progress_back.png in Resources */,
				33ECC0FF1CC92E3200CFCF1B /* answer_btn_wrong@3x.png in Resources */,
				33ECC1041CC93A7000CFCF1B /* next_btn@2x.png in Resources */,
				33A474771CCC379E0097590F /* Localizable.strings in Resources */,
				33ECC0F91CC92E0400CFCF1B /* answer_btn_right@3x.png in Resources */,
				33ECC0F71CC92E0400CFCF1B /* answer_btn_right.png in Resources */,
				33ECC0F21CC91E6700CFCF1B /* answer_btn@2x.png in Resources */,
				33B9A1531CC7E4FD004ECB51 /* progress_back@2x.png in Resources */,
				33ECC0FE1CC92E3200CFCF1B /* answer_btn_wrong@2x.png in Resources */,
				33ECC1051CC93A7000CFCF1B /* next_btn@3x.png in Resources */,
				33ECC0F31CC91E6700CFCF1B /* answer_btn@3x.png in Resources */,
				336DA7561CC400D4002ED8AB /* Assets.xcassets in Resources */,
				336DA7541CC400D4002ED8AB /* Main.storyboard in Resources */,
				33ECC0ED1CC915CC00CFCF1B /* orange_button@3x.png in Resources */,
				33ECC0FD1CC92E3200CFCF1B /* answer_btn_wrong.png in Resources */,
				33ECC0F81CC92E0400CFCF1B /* answer_btn_right@2x.png in Resources */,
				33B9A1551CC7E4FD004ECB51 /* progress.png in Resources */,
				33B9A1541CC7E4FD004ECB51 /* progress_back@3x.png in Resources */,
			);
			runOnlyForDeploymentPostprocessing = 0;
		};
/* End PBXResourcesBuildPhase section */

/* Begin PBXShellScriptBuildPhase section */
		1D499C154A44D6B6A82E349F /* Embed Pods Frameworks */ = {
			isa = PBXShellScriptBuildPhase;
			buildActionMask = 2147483647;
			files = (
			);
			inputPaths = (
			);
			name = "Embed Pods Frameworks";
			outputPaths = (
			);
			runOnlyForDeploymentPostprocessing = 0;
			shellPath = /bin/sh;
			shellScript = "\"${SRCROOT}/Pods/Target Support Files/Pods-EnglishTraining/Pods-EnglishTraining-frameworks.sh\"\n";
			showEnvVarsInLog = 0;
		};
		3D41DBD9DAFBA9AB2B4CE847 /* Copy Pods Resources */ = {
			isa = PBXShellScriptBuildPhase;
			buildActionMask = 2147483647;
			files = (
			);
			inputPaths = (
			);
			name = "Copy Pods Resources";
			outputPaths = (
			);
			runOnlyForDeploymentPostprocessing = 0;
			shellPath = /bin/sh;
			shellScript = "\"${SRCROOT}/Pods/Target Support Files/Pods-EnglishTraining/Pods-EnglishTraining-resources.sh\"\n";
			showEnvVarsInLog = 0;
		};
		81C9BEC9F82719069A7873E4 /* Check Pods Manifest.lock */ = {
			isa = PBXShellScriptBuildPhase;
			buildActionMask = 2147483647;
			files = (
			);
			inputPaths = (
			);
			name = "Check Pods Manifest.lock";
			outputPaths = (
			);
			runOnlyForDeploymentPostprocessing = 0;
			shellPath = /bin/sh;
			shellScript = "diff \"${PODS_ROOT}/../Podfile.lock\" \"${PODS_ROOT}/Manifest.lock\" > /dev/null\nif [[ $? != 0 ]] ; then\n    cat << EOM\nerror: The sandbox is not in sync with the Podfile.lock. Run 'pod install' or update your CocoaPods installation.\nEOM\n    exit 1\nfi\n";
			showEnvVarsInLog = 0;
		};
/* End PBXShellScriptBuildPhase section */

/* Begin PBXSourcesBuildPhase section */
		336DA7421CC400D4002ED8AB /* Sources */ = {
			isa = PBXSourcesBuildPhase;
			buildActionMask = 2147483647;
			files = (
				336DA7641CC4013F002ED8AB /* Session.m in Sources */,
				336DA7511CC400D4002ED8AB /* StartViewController.m in Sources */,
				33F0577F1CC415340031AE0B /* TrainingManager.m in Sources */,
				33EE37601CC546A700DAADBC /* Utils.m in Sources */,
				33F057921CC41F960031AE0B /* FinishViewController.m in Sources */,
				33A474751CCC1BD80097590F /* ETProgresImageView.m in Sources */,
				33F057821CC415830031AE0B /* Training.m in Sources */,
				33F057851CC415960031AE0B /* Question.m in Sources */,
				339AAF021CC6963100413755 /* ETAnswerButton.m in Sources */,
				33F0578C1CC416E70031AE0B /* QuestionBehaviourViewController.m in Sources */,
				336DA74E1CC400D4002ED8AB /* AppDelegate.m in Sources */,
				336DA74B1CC400D4002ED8AB /* main.m in Sources */,
				33F0578F1CC416FD0031AE0B /* AnswerBehaviourViewController.m in Sources */,
				33F057951CC41FD20031AE0B /* SceneBehaviourViewController.m in Sources */,
				33F057881CC416B00031AE0B /* TrainingController.m in Sources */,
				33EE37631CC547E900DAADBC /* Word.m in Sources */,
			);
			runOnlyForDeploymentPostprocessing = 0;
		};
/* End PBXSourcesBuildPhase section */

/* Begin PBXVariantGroup section */
		336DA7521CC400D4002ED8AB /* Main.storyboard */ = {
			isa = PBXVariantGroup;
			children = (
				336DA7531CC400D4002ED8AB /* Base */,
			);
			name = Main.storyboard;
			sourceTree = "<group>";
		};
		336DA7571CC400D4002ED8AB /* LaunchScreen.storyboard */ = {
			isa = PBXVariantGroup;
			children = (
				336DA7581CC400D4002ED8AB /* Base */,
			);
			name = LaunchScreen.storyboard;
			sourceTree = "<group>";
		};
/* End PBXVariantGroup section */

/* Begin XCBuildConfiguration section */
		336DA75B1CC400D4002ED8AB /* Debug */ = {
			isa = XCBuildConfiguration;
			buildSettings = {
				ALWAYS_SEARCH_USER_PATHS = NO;
				CLANG_CXX_LANGUAGE_STANDARD = "gnu++0x";
				CLANG_CXX_LIBRARY = "libc++";
				CLANG_ENABLE_MODULES = YES;
				CLANG_ENABLE_OBJC_ARC = YES;
				CLANG_WARN_BOOL_CONVERSION = YES;
				CLANG_WARN_CONSTANT_CONVERSION = YES;
				CLANG_WARN_DIRECT_OBJC_ISA_USAGE = YES_ERROR;
				CLANG_WARN_EMPTY_BODY = YES;
				CLANG_WARN_ENUM_CONVERSION = YES;
				CLANG_WARN_INT_CONVERSION = YES;
				CLANG_WARN_OBJC_ROOT_CLASS = YES_ERROR;
				CLANG_WARN_UNREACHABLE_CODE = YES;
				CLANG_WARN__DUPLICATE_METHOD_MATCH = YES;
				"CODE_SIGN_IDENTITY[sdk=iphoneos*]" = "iPhone Developer";
				COPY_PHASE_STRIP = NO;
				DEBUG_INFORMATION_FORMAT = dwarf;
				ENABLE_STRICT_OBJC_MSGSEND = YES;
				ENABLE_TESTABILITY = YES;
				GCC_C_LANGUAGE_STANDARD = gnu99;
				GCC_DYNAMIC_NO_PIC = NO;
				GCC_NO_COMMON_BLOCKS = YES;
				GCC_OPTIMIZATION_LEVEL = 0;
				GCC_PREPROCESSOR_DEFINITIONS = (
					"DEBUG=1",
					"$(inherited)",
				);
				GCC_WARN_64_TO_32_BIT_CONVERSION = YES;
				GCC_WARN_ABOUT_RETURN_TYPE = YES_ERROR;
				GCC_WARN_UNDECLARED_SELECTOR = YES;
				GCC_WARN_UNINITIALIZED_AUTOS = YES_AGGRESSIVE;
				GCC_WARN_UNUSED_FUNCTION = YES;
				GCC_WARN_UNUSED_VARIABLE = YES;
				IPHONEOS_DEPLOYMENT_TARGET = 9.2;
				MTL_ENABLE_DEBUG_INFO = YES;
				ONLY_ACTIVE_ARCH = YES;
				SDKROOT = iphoneos;
				TARGETED_DEVICE_FAMILY = "1,2";
			};
			name = Debug;
		};
		336DA75C1CC400D4002ED8AB /* Release */ = {
			isa = XCBuildConfiguration;
			buildSettings = {
				ALWAYS_SEARCH_USER_PATHS = NO;
				CLANG_CXX_LANGUAGE_STANDARD = "gnu++0x";
				CLANG_CXX_LIBRARY = "libc++";
				CLANG_ENABLE_MODULES = YES;
				CLANG_ENABLE_OBJC_ARC = YES;
				CLANG_WARN_BOOL_CONVERSION = YES;
				CLANG_WARN_CONSTANT_CONVERSION = YES;
				CLANG_WARN_DIRECT_OBJC_ISA_USAGE = YES_ERROR;
				CLANG_WARN_EMPTY_BODY = YES;
				CLANG_WARN_ENUM_CONVERSION = YES;
				CLANG_WARN_INT_CONVERSION = YES;
				CLANG_WARN_OBJC_ROOT_CLASS = YES_ERROR;
				CLANG_WARN_UNREACHABLE_CODE = YES;
				CLANG_WARN__DUPLICATE_METHOD_MATCH = YES;
				"CODE_SIGN_IDENTITY[sdk=iphoneos*]" = "iPhone Developer";
				COPY_PHASE_STRIP = NO;
				DEBUG_INFORMATION_FORMAT = "dwarf-with-dsym";
				ENABLE_NS_ASSERTIONS = NO;
				ENABLE_STRICT_OBJC_MSGSEND = YES;
				GCC_C_LANGUAGE_STANDARD = gnu99;
				GCC_NO_COMMON_BLOCKS = YES;
				GCC_WARN_64_TO_32_BIT_CONVERSION = YES;
				GCC_WARN_ABOUT_RETURN_TYPE = YES_ERROR;
				GCC_WARN_UNDECLARED_SELECTOR = YES;
				GCC_WARN_UNINITIALIZED_AUTOS = YES_AGGRESSIVE;
				GCC_WARN_UNUSED_FUNCTION = YES;
				GCC_WARN_UNUSED_VARIABLE = YES;
				IPHONEOS_DEPLOYMENT_TARGET = 9.2;
				MTL_ENABLE_DEBUG_INFO = NO;
				SDKROOT = iphoneos;
				TARGETED_DEVICE_FAMILY = "1,2";
				VALIDATE_PRODUCT = YES;
			};
			name = Release;
		};
		336DA75E1CC400D4002ED8AB /* Debug */ = {
			isa = XCBuildConfiguration;
			baseConfigurationReference = 6664BC1000FE341DE0CDFC78 /* Pods-EnglishTraining.debug.xcconfig */;
			buildSettings = {
				ASSETCATALOG_COMPILER_APPICON_NAME = AppIcon;
				CODE_SIGN_IDENTITY = "iPhone Developer";
				INFOPLIST_FILE = EnglishTraining/Info.plist;
				LD_RUNPATH_SEARCH_PATHS = "$(inherited) @executable_path/Frameworks";
				PRODUCT_BUNDLE_IDENTIFIER = "-.EnglishTraining";
				PRODUCT_NAME = "$(TARGET_NAME)";
			};
			name = Debug;
		};
		336DA75F1CC400D4002ED8AB /* Release */ = {
			isa = XCBuildConfiguration;
			baseConfigurationReference = 1CED34D40D3A0D55E049298F /* Pods-EnglishTraining.release.xcconfig */;
			buildSettings = {
				ASSETCATALOG_COMPILER_APPICON_NAME = AppIcon;
				CODE_SIGN_IDENTITY = "iPhone Developer";
				INFOPLIST_FILE = EnglishTraining/Info.plist;
				LD_RUNPATH_SEARCH_PATHS = "$(inherited) @executable_path/Frameworks";
				PRODUCT_BUNDLE_IDENTIFIER = "-.EnglishTraining";
				PRODUCT_NAME = "$(TARGET_NAME)";
			};
			name = Release;
		};
/* End XCBuildConfiguration section */

/* Begin XCConfigurationList section */
		336DA7411CC400D4002ED8AB /* Build configuration list for PBXProject "EnglishTraining" */ = {
			isa = XCConfigurationList;
			buildConfigurations = (
				336DA75B1CC400D4002ED8AB /* Debug */,
				336DA75C1CC400D4002ED8AB /* Release */,
			);
			defaultConfigurationIsVisible = 0;
			defaultConfigurationName = Release;
		};
		336DA75D1CC400D4002ED8AB /* Build configuration list for PBXNativeTarget "EnglishTraining" */ = {
			isa = XCConfigurationList;
			buildConfigurations = (
				336DA75E1CC400D4002ED8AB /* Debug */,
				336DA75F1CC400D4002ED8AB /* Release */,
			);
			defaultConfigurationIsVisible = 0;
			defaultConfigurationName = Release;
		};
/* End XCConfigurationList section */
	};
	rootObject = 336DA73E1CC400D4002ED8AB /* Project object */;
}
